
Microsoft Visual Studio Solution File, Format Version 12.00
# Visual Studio Version 16
VisualStudioVersion = 16.0.31424.327
MinimumVisualStudioVersion = 10.0.40219.1
Project("{9A19103F-16F7-4668-BE54-9A1E7A4F7556}") = "FileDoc", "FileDoc\FileDoc.csproj", "{151500B5-F2FF-47F1-99B3-F03B3125A266}"
EndProject
Global
	GlobalSection(SolutionConfigurationPlatforms) = preSolution
		Debug|Any CPU = Debug|Any CPU
		Release|Any CPU = Release|Any CPU
	EndGlobalSection
	GlobalSection(ProjectConfigurationPlatforms) = postSolution
		{151500B5-F2FF-47F1-99B3-F03B3125A266}.Debug|Any CPU.ActiveCfg = Debug|Any CPU
		{151500B5-F2FF-47F1-99B3-F03B3125A266}.Debug|Any CPU.Build.0 = Debug|Any CPU
		{151500B5-F2FF-47F1-99B3-F03B3125A266}.Release|Any CPU.ActiveCfg = Release|Any CPU
		{151500B5-F2FF-47F1-99B3-F03B3125A266}.Release|Any CPU.Build.0 = Release|Any CPU
	EndGlobalSection
	GlobalSection(SolutionProperties) = preSolution
		HideSolutionNode = FALSE
	EndGlobalSection
	GlobalSection(ExtensibilityGlobals) = postSolution
		SolutionGuid = {CF75AC88-F329-44BD-8064-065D8038E316}
	EndGlobalSection
EndGlobal
